
Microsoft Visual Studio Solution File, Format Version 12.00
# Visual Studio 15
VisualStudioVersion = 15.0.27130.2036
MinimumVisualStudioVersion = 10.0.40219.1
Project("{9A19103F-16F7-4668-BE54-9A1E7A4F7556}") = "CodeGen.Intermediate", "CodeGen\CodeGen.Intermediate.csproj", "{E57C283E-DAE8-4805-8773-5A1C80F2D145}"
EndProject
Project("{9A19103F-16F7-4668-BE54-9A1E7A4F7556}") = "CodeGen.Tests", "CodeGen.Tests\CodeGen.Tests.csproj", "{7D959EAF-0565-4A30-AB71-827FE4DAB180}"
EndProject
Project("{FAE04EC0-301F-11D3-BF4B-00C04F79EFBC}") = "DeepEqual", "DeepEqual\src\DeepEqual\DeepEqual.csproj", "{5125DCF0-FAD0-412F-B06C-FF4CE289A844}"
EndProject
Project("{9A19103F-16F7-4668-BE54-9A1E7A4F7556}") = "CodeGen.Console", "CodeGen.Console\CodeGen.Console.csproj", "{D20CA9AD-13DC-48FE-A58D-32D80044C4F2}"
EndProject
Project("{9A19103F-16F7-4668-BE54-9A1E7A4F7556}") = "CodeGen.Ast", "CodeGen.Ast\CodeGen.Ast.csproj", "{796C9B34-F973-4F1B-86D9-891B19AB77FE}"
EndProject
Project("{9A19103F-16F7-4668-BE54-9A1E7A4F7556}") = "CodeGen.Ast.Tests", "CodeGen.Ast.Tests\CodeGen.Ast.Tests.csproj", "{5D70EE6F-DFB3-48CF-BF68-6578C2ED365C}"
EndProject
Project("{9A19103F-16F7-4668-BE54-9A1E7A4F7556}") = "CodeGen.Compiler", "CodeGen.Units\CodeGen.Compiler.csproj", "{79BB95C2-6C6D-4098-B8BA-0F880C7EDAFD}"
EndProject
Project("{2150E333-8FDC-42A3-9474-1A3956D46DE8}") = "Submodules", "Submodules", "{8006AAB8-3131-4608-8F7B-49C06A334346}"
EndProject
Project("{9A19103F-16F7-4668-BE54-9A1E7A4F7556}") = "Superpower", "superpower\src\Superpower\Superpower.csproj", "{0536E143-7463-4292-90F8-0614EB6D8960}"
EndProject
Project("{FAE04EC0-301F-11D3-BF4B-00C04F79EFBC}") = "CodeGen.Core", "CodeGen.Core\CodeGen.Core.csproj", "{218896F7-8149-4322-AF9A-5CEC02F9C3B9}"
EndProject
Global
	GlobalSection(SolutionConfigurationPlatforms) = preSolution
		Debug|Any CPU = Debug|Any CPU
		Release|Any CPU = Release|Any CPU
	EndGlobalSection
	GlobalSection(ProjectConfigurationPlatforms) = postSolution
		{E57C283E-DAE8-4805-8773-5A1C80F2D145}.Debug|Any CPU.ActiveCfg = Debug|Any CPU
		{E57C283E-DAE8-4805-8773-5A1C80F2D145}.Debug|Any CPU.Build.0 = Debug|Any CPU
		{E57C283E-DAE8-4805-8773-5A1C80F2D145}.Release|Any CPU.ActiveCfg = Release|Any CPU
		{E57C283E-DAE8-4805-8773-5A1C80F2D145}.Release|Any CPU.Build.0 = Release|Any CPU
		{7D959EAF-0565-4A30-AB71-827FE4DAB180}.Debug|Any CPU.ActiveCfg = Debug|Any CPU
		{7D959EAF-0565-4A30-AB71-827FE4DAB180}.Debug|Any CPU.Build.0 = Debug|Any CPU
		{7D959EAF-0565-4A30-AB71-827FE4DAB180}.Release|Any CPU.ActiveCfg = Release|Any CPU
		{7D959EAF-0565-4A30-AB71-827FE4DAB180}.Release|Any CPU.Build.0 = Release|Any CPU
		{5125DCF0-FAD0-412F-B06C-FF4CE289A844}.Debug|Any CPU.ActiveCfg = Debug|Any CPU
		{5125DCF0-FAD0-412F-B06C-FF4CE289A844}.Debug|Any CPU.Build.0 = Debug|Any CPU
		{5125DCF0-FAD0-412F-B06C-FF4CE289A844}.Release|Any CPU.ActiveCfg = Release|Any CPU
		{5125DCF0-FAD0-412F-B06C-FF4CE289A844}.Release|Any CPU.Build.0 = Release|Any CPU
		{D20CA9AD-13DC-48FE-A58D-32D80044C4F2}.Debug|Any CPU.ActiveCfg = Debug|Any CPU
		{D20CA9AD-13DC-48FE-A58D-32D80044C4F2}.Debug|Any CPU.Build.0 = Debug|Any CPU
		{D20CA9AD-13DC-48FE-A58D-32D80044C4F2}.Release|Any CPU.ActiveCfg = Release|Any CPU
		{D20CA9AD-13DC-48FE-A58D-32D80044C4F2}.Release|Any CPU.Build.0 = Release|Any CPU
		{796C9B34-F973-4F1B-86D9-891B19AB77FE}.Debug|Any CPU.ActiveCfg = Debug|Any CPU
		{796C9B34-F973-4F1B-86D9-891B19AB77FE}.Debug|Any CPU.Build.0 = Debug|Any CPU
		{796C9B34-F973-4F1B-86D9-891B19AB77FE}.Release|Any CPU.ActiveCfg = Release|Any CPU
		{796C9B34-F973-4F1B-86D9-891B19AB77FE}.Release|Any CPU.Build.0 = Release|Any CPU
		{5D70EE6F-DFB3-48CF-BF68-6578C2ED365C}.Debug|Any CPU.ActiveCfg = Debug|Any CPU
		{5D70EE6F-DFB3-48CF-BF68-6578C2ED365C}.Debug|Any CPU.Build.0 = Debug|Any CPU
		{5D70EE6F-DFB3-48CF-BF68-6578C2ED365C}.Release|Any CPU.ActiveCfg = Release|Any CPU
		{5D70EE6F-DFB3-48CF-BF68-6578C2ED365C}.Release|Any CPU.Build.0 = Release|Any CPU
		{79BB95C2-6C6D-4098-B8BA-0F880C7EDAFD}.Debug|Any CPU.ActiveCfg = Debug|Any CPU
		{79BB95C2-6C6D-4098-B8BA-0F880C7EDAFD}.Debug|Any CPU.Build.0 = Debug|Any CPU
		{79BB95C2-6C6D-4098-B8BA-0F880C7EDAFD}.Release|Any CPU.ActiveCfg = Release|Any CPU
		{79BB95C2-6C6D-4098-B8BA-0F880C7EDAFD}.Release|Any CPU.Build.0 = Release|Any CPU
		{0536E143-7463-4292-90F8-0614EB6D8960}.Debug|Any CPU.ActiveCfg = Debug|Any CPU
		{0536E143-7463-4292-90F8-0614EB6D8960}.Debug|Any CPU.Build.0 = Debug|Any CPU
		{0536E143-7463-4292-90F8-0614EB6D8960}.Release|Any CPU.ActiveCfg = Release|Any CPU
		{0536E143-7463-4292-90F8-0614EB6D8960}.Release|Any CPU.Build.0 = Release|Any CPU
		{218896F7-8149-4322-AF9A-5CEC02F9C3B9}.Debug|Any CPU.ActiveCfg = Debug|Any CPU
		{218896F7-8149-4322-AF9A-5CEC02F9C3B9}.Debug|Any CPU.Build.0 = Debug|Any CPU
		{218896F7-8149-4322-AF9A-5CEC02F9C3B9}.Release|Any CPU.ActiveCfg = Release|Any CPU
		{218896F7-8149-4322-AF9A-5CEC02F9C3B9}.Release|Any CPU.Build.0 = Release|Any CPU
	EndGlobalSection
	GlobalSection(SolutionProperties) = preSolution
		HideSolutionNode = FALSE
	EndGlobalSection
	GlobalSection(NestedProjects) = preSolution
		{5125DCF0-FAD0-412F-B06C-FF4CE289A844} = {8006AAB8-3131-4608-8F7B-49C06A334346}
		{0536E143-7463-4292-90F8-0614EB6D8960} = {8006AAB8-3131-4608-8F7B-49C06A334346}
	EndGlobalSection
	GlobalSection(ExtensibilityGlobals) = postSolution
		SolutionGuid = {CAF4BB59-85D5-455A-89C8-A15AABAC6527}
	EndGlobalSection
EndGlobal
