
Microsoft Visual Studio Solution File, Format Version 12.00
# Visual Studio 15
VisualStudioVersion = 15.0.27130.2036
MinimumVisualStudioVersion = 10.0.40219.1
Project("{9A19103F-16F7-4668-BE54-9A1E7A4F7556}") = "CodeGen.Core", "CodeGen.Core\CodeGen.Core.csproj", "{218896F7-8149-4322-AF9A-5CEC02F9C3B9}"
EndProject
Project("{9A19103F-16F7-4668-BE54-9A1E7A4F7556}") = "CodeGen.Intermediate", "CodeGen.Intermediate\CodeGen.Intermediate.csproj", "{DDF7EC64-A878-4B0A-8919-BF83E428D1A5}"
EndProject
Project("{9A19103F-16F7-4668-BE54-9A1E7A4F7556}") = "CodeGen.Parsing", "CodeGen.Parsing\CodeGen.Parsing.csproj", "{E422D5C6-A2B8-4A28-89C2-9C7C7E1ADB74}"
EndProject
Project("{9A19103F-16F7-4668-BE54-9A1E7A4F7556}") = "CodeGen.Intermediate.Tests", "CodeGen.Intermediate.Tests\CodeGen.Intermediate.Tests.csproj", "{5C8C1C81-FB52-4C2D-A2C2-2A33A36F74DD}"
EndProject
Project("{9A19103F-16F7-4668-BE54-9A1E7A4F7556}") = "CodeGen.Parsing.Tests", "CodeGen.Parsing.Tests\CodeGen.Parsing.Tests.csproj", "{8FBC7314-57F7-4F0C-8860-AD7F6653D9B0}"
EndProject
Global
	GlobalSection(SolutionConfigurationPlatforms) = preSolution
		Debug|Any CPU = Debug|Any CPU
		Release|Any CPU = Release|Any CPU
	EndGlobalSection
	GlobalSection(ProjectConfigurationPlatforms) = postSolution
		{218896F7-8149-4322-AF9A-5CEC02F9C3B9}.Debug|Any CPU.ActiveCfg = Debug|Any CPU
		{218896F7-8149-4322-AF9A-5CEC02F9C3B9}.Debug|Any CPU.Build.0 = Debug|Any CPU
		{218896F7-8149-4322-AF9A-5CEC02F9C3B9}.Release|Any CPU.ActiveCfg = Release|Any CPU
		{218896F7-8149-4322-AF9A-5CEC02F9C3B9}.Release|Any CPU.Build.0 = Release|Any CPU
		{DDF7EC64-A878-4B0A-8919-BF83E428D1A5}.Debug|Any CPU.ActiveCfg = Debug|Any CPU
		{DDF7EC64-A878-4B0A-8919-BF83E428D1A5}.Debug|Any CPU.Build.0 = Debug|Any CPU
		{DDF7EC64-A878-4B0A-8919-BF83E428D1A5}.Release|Any CPU.ActiveCfg = Release|Any CPU
		{DDF7EC64-A878-4B0A-8919-BF83E428D1A5}.Release|Any CPU.Build.0 = Release|Any CPU
		{E422D5C6-A2B8-4A28-89C2-9C7C7E1ADB74}.Debug|Any CPU.ActiveCfg = Debug|Any CPU
		{E422D5C6-A2B8-4A28-89C2-9C7C7E1ADB74}.Debug|Any CPU.Build.0 = Debug|Any CPU
		{E422D5C6-A2B8-4A28-89C2-9C7C7E1ADB74}.Release|Any CPU.ActiveCfg = Release|Any CPU
		{E422D5C6-A2B8-4A28-89C2-9C7C7E1ADB74}.Release|Any CPU.Build.0 = Release|Any CPU
		{5C8C1C81-FB52-4C2D-A2C2-2A33A36F74DD}.Debug|Any CPU.ActiveCfg = Debug|Any CPU
		{5C8C1C81-FB52-4C2D-A2C2-2A33A36F74DD}.Debug|Any CPU.Build.0 = Debug|Any CPU
		{5C8C1C81-FB52-4C2D-A2C2-2A33A36F74DD}.Release|Any CPU.ActiveCfg = Release|Any CPU
		{5C8C1C81-FB52-4C2D-A2C2-2A33A36F74DD}.Release|Any CPU.Build.0 = Release|Any CPU
		{8FBC7314-57F7-4F0C-8860-AD7F6653D9B0}.Debug|Any CPU.ActiveCfg = Debug|Any CPU
		{8FBC7314-57F7-4F0C-8860-AD7F6653D9B0}.Debug|Any CPU.Build.0 = Debug|Any CPU
		{8FBC7314-57F7-4F0C-8860-AD7F6653D9B0}.Release|Any CPU.ActiveCfg = Release|Any CPU
		{8FBC7314-57F7-4F0C-8860-AD7F6653D9B0}.Release|Any CPU.Build.0 = Release|Any CPU
	EndGlobalSection
	GlobalSection(SolutionProperties) = preSolution
		HideSolutionNode = FALSE
	EndGlobalSection
	GlobalSection(ExtensibilityGlobals) = postSolution
		SolutionGuid = {CAF4BB59-85D5-455A-89C8-A15AABAC6527}
	EndGlobalSection
EndGlobal
